
Microsoft Visual Studio Solution File, Format Version 12.00
# Visual Studio Version 17
VisualStudioVersion = 17.2.32616.157
MinimumVisualStudioVersion = 10.0.40219.1
Project("{9A19103F-16F7-4668-BE54-9A1E7A4F7556}") = "Day_1_Calorie_Counting", "Day_1_Calorie_Counting\Day_1_Calorie_Counting.csproj", "{D8EC96A1-8E76-4D81-A7B2-A2D5F3906E9E}"
EndProject
Project("{9A19103F-16F7-4668-BE54-9A1E7A4F7556}") = "Day_2_Rock_Paper_Scissors", "Day_2_\Day_2_Rock_Paper_Scissors.csproj", "{5BECC44A-5745-44BC-AB86-F9864093C628}"
EndProject
Project("{9A19103F-16F7-4668-BE54-9A1E7A4F7556}") = "Day_3_Rucksack_Reorganization", "Day_3_\Day_3_Rucksack_Reorganization.csproj", "{8E4A1FF1-389B-425F-A6B4-21EFBC3FA1DF}"
EndProject
Project("{9A19103F-16F7-4668-BE54-9A1E7A4F7556}") = "Day_4_Camp_Cleanup", "Day_4_\Day_4_Camp_Cleanup.csproj", "{02A0136C-70C6-4DA5-833E-502B91BA9D3A}"
EndProject
Project("{9A19103F-16F7-4668-BE54-9A1E7A4F7556}") = "Day_5_Supply_Stacks", "Day_5_\Day_5_Supply_Stacks.csproj", "{3B28D92F-C376-4FCC-83A9-F816310F68A9}"
EndProject
Project("{9A19103F-16F7-4668-BE54-9A1E7A4F7556}") = "Day_6_Tuning_Trouble", "Day_6\Day_6_Tuning_Trouble.csproj", "{9D42CCC4-348A-4F56-8AA9-E9691CADA999}"
EndProject
Project("{9A19103F-16F7-4668-BE54-9A1E7A4F7556}") = "Day_7_", "Day_7\Day_7_.csproj", "{33B3AC67-2AEA-4598-847F-64EC5CB4AD99}"
EndProject
Global
	GlobalSection(SolutionConfigurationPlatforms) = preSolution
		Debug|Any CPU = Debug|Any CPU
		Release|Any CPU = Release|Any CPU
	EndGlobalSection
	GlobalSection(ProjectConfigurationPlatforms) = postSolution
		{D8EC96A1-8E76-4D81-A7B2-A2D5F3906E9E}.Debug|Any CPU.ActiveCfg = Debug|Any CPU
		{D8EC96A1-8E76-4D81-A7B2-A2D5F3906E9E}.Debug|Any CPU.Build.0 = Debug|Any CPU
		{D8EC96A1-8E76-4D81-A7B2-A2D5F3906E9E}.Release|Any CPU.ActiveCfg = Release|Any CPU
		{D8EC96A1-8E76-4D81-A7B2-A2D5F3906E9E}.Release|Any CPU.Build.0 = Release|Any CPU
		{5BECC44A-5745-44BC-AB86-F9864093C628}.Debug|Any CPU.ActiveCfg = Debug|Any CPU
		{5BECC44A-5745-44BC-AB86-F9864093C628}.Debug|Any CPU.Build.0 = Debug|Any CPU
		{5BECC44A-5745-44BC-AB86-F9864093C628}.Release|Any CPU.ActiveCfg = Release|Any CPU
		{5BECC44A-5745-44BC-AB86-F9864093C628}.Release|Any CPU.Build.0 = Release|Any CPU
		{8E4A1FF1-389B-425F-A6B4-21EFBC3FA1DF}.Debug|Any CPU.ActiveCfg = Debug|Any CPU
		{8E4A1FF1-389B-425F-A6B4-21EFBC3FA1DF}.Debug|Any CPU.Build.0 = Debug|Any CPU
		{8E4A1FF1-389B-425F-A6B4-21EFBC3FA1DF}.Release|Any CPU.ActiveCfg = Release|Any CPU
		{8E4A1FF1-389B-425F-A6B4-21EFBC3FA1DF}.Release|Any CPU.Build.0 = Release|Any CPU
		{02A0136C-70C6-4DA5-833E-502B91BA9D3A}.Debug|Any CPU.ActiveCfg = Debug|Any CPU
		{02A0136C-70C6-4DA5-833E-502B91BA9D3A}.Debug|Any CPU.Build.0 = Debug|Any CPU
		{02A0136C-70C6-4DA5-833E-502B91BA9D3A}.Release|Any CPU.ActiveCfg = Release|Any CPU
		{02A0136C-70C6-4DA5-833E-502B91BA9D3A}.Release|Any CPU.Build.0 = Release|Any CPU
		{3B28D92F-C376-4FCC-83A9-F816310F68A9}.Debug|Any CPU.ActiveCfg = Debug|Any CPU
		{3B28D92F-C376-4FCC-83A9-F816310F68A9}.Debug|Any CPU.Build.0 = Debug|Any CPU
		{3B28D92F-C376-4FCC-83A9-F816310F68A9}.Release|Any CPU.ActiveCfg = Release|Any CPU
		{3B28D92F-C376-4FCC-83A9-F816310F68A9}.Release|Any CPU.Build.0 = Release|Any CPU
		{9D42CCC4-348A-4F56-8AA9-E9691CADA999}.Debug|Any CPU.ActiveCfg = Debug|Any CPU
		{9D42CCC4-348A-4F56-8AA9-E9691CADA999}.Debug|Any CPU.Build.0 = Debug|Any CPU
		{9D42CCC4-348A-4F56-8AA9-E9691CADA999}.Release|Any CPU.ActiveCfg = Release|Any CPU
		{9D42CCC4-348A-4F56-8AA9-E9691CADA999}.Release|Any CPU.Build.0 = Release|Any CPU
		{33B3AC67-2AEA-4598-847F-64EC5CB4AD99}.Debug|Any CPU.ActiveCfg = Debug|Any CPU
		{33B3AC67-2AEA-4598-847F-64EC5CB4AD99}.Debug|Any CPU.Build.0 = Debug|Any CPU
		{33B3AC67-2AEA-4598-847F-64EC5CB4AD99}.Release|Any CPU.ActiveCfg = Release|Any CPU
		{33B3AC67-2AEA-4598-847F-64EC5CB4AD99}.Release|Any CPU.Build.0 = Release|Any CPU
	EndGlobalSection
	GlobalSection(SolutionProperties) = preSolution
		HideSolutionNode = FALSE
	EndGlobalSection
	GlobalSection(ExtensibilityGlobals) = postSolution
		SolutionGuid = {92B1E37C-2EAB-4776-A2F3-A95BAFCDB4B3}
	EndGlobalSection
EndGlobal
