
Microsoft Visual Studio Solution File, Format Version 12.00
# Visual Studio Version 17
VisualStudioVersion = 17.2.32616.157
MinimumVisualStudioVersion = 10.0.40219.1
Project("{9A19103F-16F7-4668-BE54-9A1E7A4F7556}") = "Day_1_Calorie_Counting", "Day_01\Day_1_Calorie_Counting.csproj", "{D8EC96A1-8E76-4D81-A7B2-A2D5F3906E9E}"
EndProject
Project("{9A19103F-16F7-4668-BE54-9A1E7A4F7556}") = "Day_2_Rock_Paper_Scissors", "Day_02\Day_2_Rock_Paper_Scissors.csproj", "{5BECC44A-5745-44BC-AB86-F9864093C628}"
EndProject
Project("{9A19103F-16F7-4668-BE54-9A1E7A4F7556}") = "Day_3_Rucksack_Reorganization", "Day_03\Day_3_Rucksack_Reorganization.csproj", "{8E4A1FF1-389B-425F-A6B4-21EFBC3FA1DF}"
EndProject
Project("{9A19103F-16F7-4668-BE54-9A1E7A4F7556}") = "Day_4_Camp_Cleanup", "Day_04\Day_4_Camp_Cleanup.csproj", "{02A0136C-70C6-4DA5-833E-502B91BA9D3A}"
EndProject
Project("{9A19103F-16F7-4668-BE54-9A1E7A4F7556}") = "Day_5_Supply_Stacks", "Day_05\Day_5_Supply_Stacks.csproj", "{3B28D92F-C376-4FCC-83A9-F816310F68A9}"
EndProject
Project("{9A19103F-16F7-4668-BE54-9A1E7A4F7556}") = "Day_6_Tuning_Trouble", "Day_06\Day_6_Tuning_Trouble.csproj", "{9D42CCC4-348A-4F56-8AA9-E9691CADA999}"
EndProject
Project("{9A19103F-16F7-4668-BE54-9A1E7A4F7556}") = "Day_7_No_Space_Left_On_Device", "Day_07\Day_7_No_Space_Left_On_Device.csproj", "{33B3AC67-2AEA-4598-847F-64EC5CB4AD99}"
EndProject
Project("{9A19103F-16F7-4668-BE54-9A1E7A4F7556}") = "README.md-Updater", "README.md-Updater\README.md-Updater.csproj", "{1C2F56DD-BC8A-4B6D-A758-B7D1AA286E03}"
EndProject
Project("{9A19103F-16F7-4668-BE54-9A1E7A4F7556}") = "Day_8_Treetop_Tree_House", "Day_08\Day_8_Treetop_Tree_House.csproj", "{AB797BBE-9901-4DC6-848F-1935B0305113}"
EndProject
Project("{9A19103F-16F7-4668-BE54-9A1E7A4F7556}") = "Day_9_Rope_Bridge", "Day_09\Day_9_Rope_Bridge.csproj", "{CF34815C-9476-4227-B63C-1B9FB6772384}"
EndProject
Project("{9A19103F-16F7-4668-BE54-9A1E7A4F7556}") = "Day_10_Cathode-Ray_Tube", "Day_10\Day_10_Cathode-Ray_Tube.csproj", "{403307D8-857E-48B1-B623-09960B0BAB6A}"
EndProject
Project("{9A19103F-16F7-4668-BE54-9A1E7A4F7556}") = "Day_11_Monkey_in_the_Middle", "Day_11\Day_11_Monkey_in_the_Middle.csproj", "{B961CBB3-BA5A-449A-88C0-89B5574F68C6}"
EndProject
Project("{9A19103F-16F7-4668-BE54-9A1E7A4F7556}") = "Day_12_Hill_Climbing_Algorithm", "Day_12\Day_12_Hill_Climbing_Algorithm.csproj", "{E4E7C97D-3C5B-421F-8C63-4536931B4E2D}"
EndProject
Project("{9A19103F-16F7-4668-BE54-9A1E7A4F7556}") = "Day_13_Distress_Signal", "Day_13\Day_13_Distress_Signal.csproj", "{54C87885-3C4B-4045-8809-D2F89E627305}"
EndProject
Project("{9A19103F-16F7-4668-BE54-9A1E7A4F7556}") = "Day_14_Regolith_Reservoir", "Day_14\Day_14_Regolith_Reservoir.csproj", "{D003A4B7-706D-4FC6-A21E-D50B42F1ADB6}"
EndProject
Project("{9A19103F-16F7-4668-BE54-9A1E7A4F7556}") = "Day_15_Beacon_Exclusion_Zone", "Day_15\Day_15_Beacon_Exclusion_Zone.csproj", "{35CA8CC9-FD91-487D-ACF6-A902A1E3F1DF}"
EndProject
Project("{9A19103F-16F7-4668-BE54-9A1E7A4F7556}") = "Day_16_Proboscidea Volcanium", "Day_16\Day_16_Proboscidea Volcanium.csproj", "{8FB9591C-50E0-4B39-8A34-D8174EBF20E3}"
EndProject
Project("{9A19103F-16F7-4668-BE54-9A1E7A4F7556}") = "Day_17_Pyroclastic Flow", "Day_17\Day_17_Pyroclastic Flow.csproj", "{321961AF-9095-40C0-B271-6C587D78449A}"
EndProject
Project("{9A19103F-16F7-4668-BE54-9A1E7A4F7556}") = "Day_18_Boiling Boulders", "Day_18\Day_18_Boiling Boulders.csproj", "{78366854-1B44-4018-8C8F-85D8B112A32D}"
EndProject
Project("{9A19103F-16F7-4668-BE54-9A1E7A4F7556}") = "Day_19_Not Enough Minerals", "Day_19\Day_19_Not Enough Minerals.csproj", "{2CEAA6DF-5122-4DA9-8E77-ABB6864FBD81}"
EndProject
Project("{9A19103F-16F7-4668-BE54-9A1E7A4F7556}") = "Day_20_Grove Positioning System", "Day_20\Day_20_Grove Positioning System.csproj", "{A915E37F-F31B-48E1-A7ED-4028A8A918B6}"
EndProject
Project("{9A19103F-16F7-4668-BE54-9A1E7A4F7556}") = "Day_21_Monkey Math", "Day_21\Day_21_Monkey Math.csproj", "{D3D7C315-0486-477D-96CA-B5663029128E}"
EndProject
Project("{9A19103F-16F7-4668-BE54-9A1E7A4F7556}") = "Day_22_Monkey Map", "Day_22\Day_22_Monkey Map.csproj", "{39292A90-DF76-4811-A5DB-984DA93307EB}"
EndProject
Project("{9A19103F-16F7-4668-BE54-9A1E7A4F7556}") = "Day_23_", "Day_23\Day_23_.csproj", "{2EEFD499-94A6-43E6-9FCC-336862FDC9BA}"
EndProject
Global
	GlobalSection(SolutionConfigurationPlatforms) = preSolution
		Debug|Any CPU = Debug|Any CPU
		Release|Any CPU = Release|Any CPU
	EndGlobalSection
	GlobalSection(ProjectConfigurationPlatforms) = postSolution
		{D8EC96A1-8E76-4D81-A7B2-A2D5F3906E9E}.Debug|Any CPU.ActiveCfg = Debug|Any CPU
		{D8EC96A1-8E76-4D81-A7B2-A2D5F3906E9E}.Debug|Any CPU.Build.0 = Debug|Any CPU
		{D8EC96A1-8E76-4D81-A7B2-A2D5F3906E9E}.Release|Any CPU.ActiveCfg = Release|Any CPU
		{D8EC96A1-8E76-4D81-A7B2-A2D5F3906E9E}.Release|Any CPU.Build.0 = Release|Any CPU
		{5BECC44A-5745-44BC-AB86-F9864093C628}.Debug|Any CPU.ActiveCfg = Debug|Any CPU
		{5BECC44A-5745-44BC-AB86-F9864093C628}.Debug|Any CPU.Build.0 = Debug|Any CPU
		{5BECC44A-5745-44BC-AB86-F9864093C628}.Release|Any CPU.ActiveCfg = Release|Any CPU
		{5BECC44A-5745-44BC-AB86-F9864093C628}.Release|Any CPU.Build.0 = Release|Any CPU
		{8E4A1FF1-389B-425F-A6B4-21EFBC3FA1DF}.Debug|Any CPU.ActiveCfg = Debug|Any CPU
		{8E4A1FF1-389B-425F-A6B4-21EFBC3FA1DF}.Debug|Any CPU.Build.0 = Debug|Any CPU
		{8E4A1FF1-389B-425F-A6B4-21EFBC3FA1DF}.Release|Any CPU.ActiveCfg = Release|Any CPU
		{8E4A1FF1-389B-425F-A6B4-21EFBC3FA1DF}.Release|Any CPU.Build.0 = Release|Any CPU
		{02A0136C-70C6-4DA5-833E-502B91BA9D3A}.Debug|Any CPU.ActiveCfg = Debug|Any CPU
		{02A0136C-70C6-4DA5-833E-502B91BA9D3A}.Debug|Any CPU.Build.0 = Debug|Any CPU
		{02A0136C-70C6-4DA5-833E-502B91BA9D3A}.Release|Any CPU.ActiveCfg = Release|Any CPU
		{02A0136C-70C6-4DA5-833E-502B91BA9D3A}.Release|Any CPU.Build.0 = Release|Any CPU
		{3B28D92F-C376-4FCC-83A9-F816310F68A9}.Debug|Any CPU.ActiveCfg = Debug|Any CPU
		{3B28D92F-C376-4FCC-83A9-F816310F68A9}.Debug|Any CPU.Build.0 = Debug|Any CPU
		{3B28D92F-C376-4FCC-83A9-F816310F68A9}.Release|Any CPU.ActiveCfg = Release|Any CPU
		{3B28D92F-C376-4FCC-83A9-F816310F68A9}.Release|Any CPU.Build.0 = Release|Any CPU
		{9D42CCC4-348A-4F56-8AA9-E9691CADA999}.Debug|Any CPU.ActiveCfg = Debug|Any CPU
		{9D42CCC4-348A-4F56-8AA9-E9691CADA999}.Debug|Any CPU.Build.0 = Debug|Any CPU
		{9D42CCC4-348A-4F56-8AA9-E9691CADA999}.Release|Any CPU.ActiveCfg = Release|Any CPU
		{9D42CCC4-348A-4F56-8AA9-E9691CADA999}.Release|Any CPU.Build.0 = Release|Any CPU
		{33B3AC67-2AEA-4598-847F-64EC5CB4AD99}.Debug|Any CPU.ActiveCfg = Debug|Any CPU
		{33B3AC67-2AEA-4598-847F-64EC5CB4AD99}.Debug|Any CPU.Build.0 = Debug|Any CPU
		{33B3AC67-2AEA-4598-847F-64EC5CB4AD99}.Release|Any CPU.ActiveCfg = Release|Any CPU
		{33B3AC67-2AEA-4598-847F-64EC5CB4AD99}.Release|Any CPU.Build.0 = Release|Any CPU
		{1C2F56DD-BC8A-4B6D-A758-B7D1AA286E03}.Debug|Any CPU.ActiveCfg = Debug|Any CPU
		{1C2F56DD-BC8A-4B6D-A758-B7D1AA286E03}.Debug|Any CPU.Build.0 = Debug|Any CPU
		{1C2F56DD-BC8A-4B6D-A758-B7D1AA286E03}.Release|Any CPU.ActiveCfg = Release|Any CPU
		{1C2F56DD-BC8A-4B6D-A758-B7D1AA286E03}.Release|Any CPU.Build.0 = Release|Any CPU
		{AB797BBE-9901-4DC6-848F-1935B0305113}.Debug|Any CPU.ActiveCfg = Debug|Any CPU
		{AB797BBE-9901-4DC6-848F-1935B0305113}.Debug|Any CPU.Build.0 = Debug|Any CPU
		{AB797BBE-9901-4DC6-848F-1935B0305113}.Release|Any CPU.ActiveCfg = Release|Any CPU
		{AB797BBE-9901-4DC6-848F-1935B0305113}.Release|Any CPU.Build.0 = Release|Any CPU
		{CF34815C-9476-4227-B63C-1B9FB6772384}.Debug|Any CPU.ActiveCfg = Debug|Any CPU
		{CF34815C-9476-4227-B63C-1B9FB6772384}.Debug|Any CPU.Build.0 = Debug|Any CPU
		{CF34815C-9476-4227-B63C-1B9FB6772384}.Release|Any CPU.ActiveCfg = Release|Any CPU
		{CF34815C-9476-4227-B63C-1B9FB6772384}.Release|Any CPU.Build.0 = Release|Any CPU
		{403307D8-857E-48B1-B623-09960B0BAB6A}.Debug|Any CPU.ActiveCfg = Debug|Any CPU
		{403307D8-857E-48B1-B623-09960B0BAB6A}.Debug|Any CPU.Build.0 = Debug|Any CPU
		{403307D8-857E-48B1-B623-09960B0BAB6A}.Release|Any CPU.ActiveCfg = Release|Any CPU
		{403307D8-857E-48B1-B623-09960B0BAB6A}.Release|Any CPU.Build.0 = Release|Any CPU
		{B961CBB3-BA5A-449A-88C0-89B5574F68C6}.Debug|Any CPU.ActiveCfg = Debug|Any CPU
		{B961CBB3-BA5A-449A-88C0-89B5574F68C6}.Debug|Any CPU.Build.0 = Debug|Any CPU
		{B961CBB3-BA5A-449A-88C0-89B5574F68C6}.Release|Any CPU.ActiveCfg = Release|Any CPU
		{B961CBB3-BA5A-449A-88C0-89B5574F68C6}.Release|Any CPU.Build.0 = Release|Any CPU
		{E4E7C97D-3C5B-421F-8C63-4536931B4E2D}.Debug|Any CPU.ActiveCfg = Debug|Any CPU
		{E4E7C97D-3C5B-421F-8C63-4536931B4E2D}.Debug|Any CPU.Build.0 = Debug|Any CPU
		{E4E7C97D-3C5B-421F-8C63-4536931B4E2D}.Release|Any CPU.ActiveCfg = Release|Any CPU
		{E4E7C97D-3C5B-421F-8C63-4536931B4E2D}.Release|Any CPU.Build.0 = Release|Any CPU
		{54C87885-3C4B-4045-8809-D2F89E627305}.Debug|Any CPU.ActiveCfg = Debug|Any CPU
		{54C87885-3C4B-4045-8809-D2F89E627305}.Debug|Any CPU.Build.0 = Debug|Any CPU
		{54C87885-3C4B-4045-8809-D2F89E627305}.Release|Any CPU.ActiveCfg = Release|Any CPU
		{54C87885-3C4B-4045-8809-D2F89E627305}.Release|Any CPU.Build.0 = Release|Any CPU
		{D003A4B7-706D-4FC6-A21E-D50B42F1ADB6}.Debug|Any CPU.ActiveCfg = Debug|Any CPU
		{D003A4B7-706D-4FC6-A21E-D50B42F1ADB6}.Debug|Any CPU.Build.0 = Debug|Any CPU
		{D003A4B7-706D-4FC6-A21E-D50B42F1ADB6}.Release|Any CPU.ActiveCfg = Release|Any CPU
		{D003A4B7-706D-4FC6-A21E-D50B42F1ADB6}.Release|Any CPU.Build.0 = Release|Any CPU
		{35CA8CC9-FD91-487D-ACF6-A902A1E3F1DF}.Debug|Any CPU.ActiveCfg = Debug|Any CPU
		{35CA8CC9-FD91-487D-ACF6-A902A1E3F1DF}.Debug|Any CPU.Build.0 = Debug|Any CPU
		{35CA8CC9-FD91-487D-ACF6-A902A1E3F1DF}.Release|Any CPU.ActiveCfg = Release|Any CPU
		{35CA8CC9-FD91-487D-ACF6-A902A1E3F1DF}.Release|Any CPU.Build.0 = Release|Any CPU
		{8FB9591C-50E0-4B39-8A34-D8174EBF20E3}.Debug|Any CPU.ActiveCfg = Debug|Any CPU
		{8FB9591C-50E0-4B39-8A34-D8174EBF20E3}.Debug|Any CPU.Build.0 = Debug|Any CPU
		{8FB9591C-50E0-4B39-8A34-D8174EBF20E3}.Release|Any CPU.ActiveCfg = Release|Any CPU
		{8FB9591C-50E0-4B39-8A34-D8174EBF20E3}.Release|Any CPU.Build.0 = Release|Any CPU
		{321961AF-9095-40C0-B271-6C587D78449A}.Debug|Any CPU.ActiveCfg = Debug|Any CPU
		{321961AF-9095-40C0-B271-6C587D78449A}.Debug|Any CPU.Build.0 = Debug|Any CPU
		{321961AF-9095-40C0-B271-6C587D78449A}.Release|Any CPU.ActiveCfg = Release|Any CPU
		{321961AF-9095-40C0-B271-6C587D78449A}.Release|Any CPU.Build.0 = Release|Any CPU
		{78366854-1B44-4018-8C8F-85D8B112A32D}.Debug|Any CPU.ActiveCfg = Debug|Any CPU
		{78366854-1B44-4018-8C8F-85D8B112A32D}.Debug|Any CPU.Build.0 = Debug|Any CPU
		{78366854-1B44-4018-8C8F-85D8B112A32D}.Release|Any CPU.ActiveCfg = Release|Any CPU
		{78366854-1B44-4018-8C8F-85D8B112A32D}.Release|Any CPU.Build.0 = Release|Any CPU
		{2CEAA6DF-5122-4DA9-8E77-ABB6864FBD81}.Debug|Any CPU.ActiveCfg = Debug|Any CPU
		{2CEAA6DF-5122-4DA9-8E77-ABB6864FBD81}.Debug|Any CPU.Build.0 = Debug|Any CPU
		{2CEAA6DF-5122-4DA9-8E77-ABB6864FBD81}.Release|Any CPU.ActiveCfg = Release|Any CPU
		{2CEAA6DF-5122-4DA9-8E77-ABB6864FBD81}.Release|Any CPU.Build.0 = Release|Any CPU
		{A915E37F-F31B-48E1-A7ED-4028A8A918B6}.Debug|Any CPU.ActiveCfg = Debug|Any CPU
		{A915E37F-F31B-48E1-A7ED-4028A8A918B6}.Debug|Any CPU.Build.0 = Debug|Any CPU
		{A915E37F-F31B-48E1-A7ED-4028A8A918B6}.Release|Any CPU.ActiveCfg = Release|Any CPU
		{A915E37F-F31B-48E1-A7ED-4028A8A918B6}.Release|Any CPU.Build.0 = Release|Any CPU
		{D3D7C315-0486-477D-96CA-B5663029128E}.Debug|Any CPU.ActiveCfg = Debug|Any CPU
		{D3D7C315-0486-477D-96CA-B5663029128E}.Debug|Any CPU.Build.0 = Debug|Any CPU
		{D3D7C315-0486-477D-96CA-B5663029128E}.Release|Any CPU.ActiveCfg = Release|Any CPU
		{D3D7C315-0486-477D-96CA-B5663029128E}.Release|Any CPU.Build.0 = Release|Any CPU
		{39292A90-DF76-4811-A5DB-984DA93307EB}.Debug|Any CPU.ActiveCfg = Debug|Any CPU
		{39292A90-DF76-4811-A5DB-984DA93307EB}.Debug|Any CPU.Build.0 = Debug|Any CPU
		{39292A90-DF76-4811-A5DB-984DA93307EB}.Release|Any CPU.ActiveCfg = Release|Any CPU
		{39292A90-DF76-4811-A5DB-984DA93307EB}.Release|Any CPU.Build.0 = Release|Any CPU
		{2EEFD499-94A6-43E6-9FCC-336862FDC9BA}.Debug|Any CPU.ActiveCfg = Debug|Any CPU
		{2EEFD499-94A6-43E6-9FCC-336862FDC9BA}.Debug|Any CPU.Build.0 = Debug|Any CPU
		{2EEFD499-94A6-43E6-9FCC-336862FDC9BA}.Release|Any CPU.ActiveCfg = Release|Any CPU
		{2EEFD499-94A6-43E6-9FCC-336862FDC9BA}.Release|Any CPU.Build.0 = Release|Any CPU
	EndGlobalSection
	GlobalSection(SolutionProperties) = preSolution
		HideSolutionNode = FALSE
	EndGlobalSection
	GlobalSection(ExtensibilityGlobals) = postSolution
		SolutionGuid = {92B1E37C-2EAB-4776-A2F3-A95BAFCDB4B3}
	EndGlobalSection
EndGlobal
